
Microsoft Visual Studio Solution File, Format Version 12.00
# Visual Studio Version 16
VisualStudioVersion = 16.0.30517.126
MinimumVisualStudioVersion = 10.0.40219.1
Project("{FAE04EC0-301F-11D3-BF4B-00C04F79EFBC}") = "ExemploWebApi", "ExemploWebApi.csproj", "{BD625D53-8CF3-437B-9F70-78E98F2529CB}"
EndProject
Project("{E53339B2-1760-4266-BCC7-CA923CBCF16C}") = "docker-compose", "docker-compose.dcproj", "{DA77EDAA-E559-44DE-A110-F9590A715A3D}"
EndProject
Global
	GlobalSection(SolutionConfigurationPlatforms) = preSolution
		Debug|Any CPU = Debug|Any CPU
		Release|Any CPU = Release|Any CPU
	EndGlobalSection
	GlobalSection(ProjectConfigurationPlatforms) = postSolution
		{BD625D53-8CF3-437B-9F70-78E98F2529CB}.Debug|Any CPU.ActiveCfg = Debug|Any CPU
		{BD625D53-8CF3-437B-9F70-78E98F2529CB}.Debug|Any CPU.Build.0 = Debug|Any CPU
		{BD625D53-8CF3-437B-9F70-78E98F2529CB}.Release|Any CPU.ActiveCfg = Release|Any CPU
		{BD625D53-8CF3-437B-9F70-78E98F2529CB}.Release|Any CPU.Build.0 = Release|Any CPU
		{DA77EDAA-E559-44DE-A110-F9590A715A3D}.Debug|Any CPU.ActiveCfg = Debug|Any CPU
		{DA77EDAA-E559-44DE-A110-F9590A715A3D}.Debug|Any CPU.Build.0 = Debug|Any CPU
		{DA77EDAA-E559-44DE-A110-F9590A715A3D}.Release|Any CPU.ActiveCfg = Release|Any CPU
		{DA77EDAA-E559-44DE-A110-F9590A715A3D}.Release|Any CPU.Build.0 = Release|Any CPU
	EndGlobalSection
	GlobalSection(SolutionProperties) = preSolution
		HideSolutionNode = FALSE
	EndGlobalSection
	GlobalSection(ExtensibilityGlobals) = postSolution
		SolutionGuid = {C3EBDDFF-9676-4482-AD16-47EB1D2FC121}
	EndGlobalSection
EndGlobal
